
Microsoft Visual Studio Solution File, Format Version 12.00
# Visual Studio Version 17
VisualStudioVersion = 17.0.31903.59
MinimumVisualStudioVersion = 10.0.40219.1
Project("{2150E333-8FDC-42A3-9474-1A3956D46DE8}") = "recipes", "recipes", "{1D837DAA-2FC9-4DBA-B319-5CBFD1EB783A}"
EndProject
Project("{FAE04EC0-301F-11D3-BF4B-00C04F79EFBC}") = "ResearchSummarizeFormat", "recipes\research-summarize-format\ResearchSummarizeFormat.csproj", "{164C8DBA-DD94-479B-907D-83A35B6A2ADE}"
EndProject
Project("{FAE04EC0-301F-11D3-BF4B-00C04F79EFBC}") = "MultiPerspective", "recipes\multi-perspective\MultiPerspective.csproj", "{EA024DA0-4A88-4A6D-B5E5-E632FD449C0D}"
EndProject
Project("{FAE04EC0-301F-11D3-BF4B-00C04F79EFBC}") = "CodeReviewPipeline", "recipes\code-review-pipeline\CodeReviewPipeline.csproj", "{4CD422CD-AC14-47C6-8835-CE96A6EFF612}"
EndProject
Project("{FAE04EC0-301F-11D3-BF4B-00C04F79EFBC}") = "AgenticRecipes.Tests", "tests\AgenticRecipes.Tests.csproj", "{A99E7B23-C021-4345-A3CC-1D7CE791D2FC}"
EndProject
Project("{FAE04EC0-301F-11D3-BF4B-00C04F79EFBC}") = "ToolAgentLoop", "recipes\tool-agent-loop\ToolAgentLoop.csproj", "{E9D0CF91-BF6C-475A-AE77-66BC0D1F13FB}"
EndProject
Project("{FAE04EC0-301F-11D3-BF4B-00C04F79EFBC}") = "ConditionalRouter", "recipes\conditional-router\ConditionalRouter.csproj", "{C152BE8F-1CBA-4B09-9A0B-5D78AB2302D6}"
EndProject
Project("{FAE04EC0-301F-11D3-BF4B-00C04F79EFBC}") = "IterativeRefinement", "recipes\iterative-refinement\IterativeRefinement.csproj", "{6C144CCB-2E0B-44FB-9C75-C0C045F17323}"
EndProject
Project("{FAE04EC0-301F-11D3-BF4B-00C04F79EFBC}") = "GuardrailedPipeline", "recipes\guardrailed-pipeline\GuardrailedPipeline.csproj", "{8599EE36-AE3C-4686-8F43-15E8FE0B4501}"
EndProject
Project("{FAE04EC0-301F-11D3-BF4B-00C04F79EFBC}") = "MemoryAugmentedChain", "recipes\memory-augmented\MemoryAugmentedChain.csproj", "{010DC274-CD83-46DC-BD9E-3CC97140C032}"
EndProject
Global
	GlobalSection(SolutionConfigurationPlatforms) = preSolution
		Debug|Any CPU = Debug|Any CPU
		Release|Any CPU = Release|Any CPU
	EndGlobalSection
	GlobalSection(SolutionProperties) = preSolution
		HideSolutionNode = FALSE
	EndGlobalSection
	GlobalSection(ProjectConfigurationPlatforms) = postSolution
		{164C8DBA-DD94-479B-907D-83A35B6A2ADE}.Debug|Any CPU.ActiveCfg = Debug|Any CPU
		{164C8DBA-DD94-479B-907D-83A35B6A2ADE}.Debug|Any CPU.Build.0 = Debug|Any CPU
		{164C8DBA-DD94-479B-907D-83A35B6A2ADE}.Release|Any CPU.ActiveCfg = Release|Any CPU
		{164C8DBA-DD94-479B-907D-83A35B6A2ADE}.Release|Any CPU.Build.0 = Release|Any CPU
		{EA024DA0-4A88-4A6D-B5E5-E632FD449C0D}.Debug|Any CPU.ActiveCfg = Debug|Any CPU
		{EA024DA0-4A88-4A6D-B5E5-E632FD449C0D}.Debug|Any CPU.Build.0 = Debug|Any CPU
		{EA024DA0-4A88-4A6D-B5E5-E632FD449C0D}.Release|Any CPU.ActiveCfg = Release|Any CPU
		{EA024DA0-4A88-4A6D-B5E5-E632FD449C0D}.Release|Any CPU.Build.0 = Release|Any CPU
		{4CD422CD-AC14-47C6-8835-CE96A6EFF612}.Debug|Any CPU.ActiveCfg = Debug|Any CPU
		{4CD422CD-AC14-47C6-8835-CE96A6EFF612}.Debug|Any CPU.Build.0 = Debug|Any CPU
		{4CD422CD-AC14-47C6-8835-CE96A6EFF612}.Release|Any CPU.ActiveCfg = Release|Any CPU
		{4CD422CD-AC14-47C6-8835-CE96A6EFF612}.Release|Any CPU.Build.0 = Release|Any CPU
		{A99E7B23-C021-4345-A3CC-1D7CE791D2FC}.Debug|Any CPU.ActiveCfg = Debug|Any CPU
		{A99E7B23-C021-4345-A3CC-1D7CE791D2FC}.Debug|Any CPU.Build.0 = Debug|Any CPU
		{A99E7B23-C021-4345-A3CC-1D7CE791D2FC}.Release|Any CPU.ActiveCfg = Release|Any CPU
		{A99E7B23-C021-4345-A3CC-1D7CE791D2FC}.Release|Any CPU.Build.0 = Release|Any CPU
		{E9D0CF91-BF6C-475A-AE77-66BC0D1F13FB}.Debug|Any CPU.ActiveCfg = Debug|Any CPU
		{E9D0CF91-BF6C-475A-AE77-66BC0D1F13FB}.Debug|Any CPU.Build.0 = Debug|Any CPU
		{E9D0CF91-BF6C-475A-AE77-66BC0D1F13FB}.Release|Any CPU.ActiveCfg = Release|Any CPU
		{E9D0CF91-BF6C-475A-AE77-66BC0D1F13FB}.Release|Any CPU.Build.0 = Release|Any CPU
		{C152BE8F-1CBA-4B09-9A0B-5D78AB2302D6}.Debug|Any CPU.ActiveCfg = Debug|Any CPU
		{C152BE8F-1CBA-4B09-9A0B-5D78AB2302D6}.Debug|Any CPU.Build.0 = Debug|Any CPU
		{C152BE8F-1CBA-4B09-9A0B-5D78AB2302D6}.Release|Any CPU.ActiveCfg = Release|Any CPU
		{C152BE8F-1CBA-4B09-9A0B-5D78AB2302D6}.Release|Any CPU.Build.0 = Release|Any CPU
		{6C144CCB-2E0B-44FB-9C75-C0C045F17323}.Debug|Any CPU.ActiveCfg = Debug|Any CPU
		{6C144CCB-2E0B-44FB-9C75-C0C045F17323}.Debug|Any CPU.Build.0 = Debug|Any CPU
		{6C144CCB-2E0B-44FB-9C75-C0C045F17323}.Release|Any CPU.ActiveCfg = Release|Any CPU
		{6C144CCB-2E0B-44FB-9C75-C0C045F17323}.Release|Any CPU.Build.0 = Release|Any CPU
		{8599EE36-AE3C-4686-8F43-15E8FE0B4501}.Debug|Any CPU.ActiveCfg = Debug|Any CPU
		{8599EE36-AE3C-4686-8F43-15E8FE0B4501}.Debug|Any CPU.Build.0 = Debug|Any CPU
		{8599EE36-AE3C-4686-8F43-15E8FE0B4501}.Release|Any CPU.ActiveCfg = Release|Any CPU
		{8599EE36-AE3C-4686-8F43-15E8FE0B4501}.Release|Any CPU.Build.0 = Release|Any CPU
		{010DC274-CD83-46DC-BD9E-3CC97140C032}.Debug|Any CPU.ActiveCfg = Debug|Any CPU
		{010DC274-CD83-46DC-BD9E-3CC97140C032}.Debug|Any CPU.Build.0 = Debug|Any CPU
		{010DC274-CD83-46DC-BD9E-3CC97140C032}.Release|Any CPU.ActiveCfg = Release|Any CPU
		{010DC274-CD83-46DC-BD9E-3CC97140C032}.Release|Any CPU.Build.0 = Release|Any CPU
	EndGlobalSection
	GlobalSection(NestedProjects) = preSolution
		{164C8DBA-DD94-479B-907D-83A35B6A2ADE} = {1D837DAA-2FC9-4DBA-B319-5CBFD1EB783A}
		{EA024DA0-4A88-4A6D-B5E5-E632FD449C0D} = {1D837DAA-2FC9-4DBA-B319-5CBFD1EB783A}
		{4CD422CD-AC14-47C6-8835-CE96A6EFF612} = {1D837DAA-2FC9-4DBA-B319-5CBFD1EB783A}
		{E9D0CF91-BF6C-475A-AE77-66BC0D1F13FB} = {1D837DAA-2FC9-4DBA-B319-5CBFD1EB783A}
		{C152BE8F-1CBA-4B09-9A0B-5D78AB2302D6} = {1D837DAA-2FC9-4DBA-B319-5CBFD1EB783A}
		{6C144CCB-2E0B-44FB-9C75-C0C045F17323} = {1D837DAA-2FC9-4DBA-B319-5CBFD1EB783A}
		{8599EE36-AE3C-4686-8F43-15E8FE0B4501} = {1D837DAA-2FC9-4DBA-B319-5CBFD1EB783A}
		{010DC274-CD83-46DC-BD9E-3CC97140C032} = {1D837DAA-2FC9-4DBA-B319-5CBFD1EB783A}
		{010DC274-CD83-46DC-BD9E-3CC97140C032} = {1D837DAA-2FC9-4DBA-B319-5CBFD1EB783A}
	EndGlobalSection
EndGlobal
